
Microsoft Visual Studio Solution File, Format Version 12.00
# Visual Studio 15
VisualStudioVersion = 15.0.27428.2037
MinimumVisualStudioVersion = 10.0.40219.1
Project("{FAE04EC0-301F-11D3-BF4B-00C04F79EFBC}") = "ShoppingCartProject.DataAccess", "ShoppingCartProject.DataAccess\ShoppingCartProject.DataAccess.csproj", "{42ED7CB5-6379-49F7-96AA-1938DED64658}"
EndProject
Project("{FAE04EC0-301F-11D3-BF4B-00C04F79EFBC}") = "ShoppingCartProject.UnitTests", "ShoppingCartProject.UnitTests\ShoppingCartProject.UnitTests.csproj", "{F220533B-EC7B-47D5-ADBF-1FEDC0A549BF}"
EndProject
Project("{FAE04EC0-301F-11D3-BF4B-00C04F79EFBC}") = "ShoppingCartConsole.Client", "ShoppingCartConsole.Client\ShoppingCartConsole.Client.csproj", "{CC1124DB-A531-486A-9BE9-6E48D6DFB09B}"
EndProject
Global
	GlobalSection(SolutionConfigurationPlatforms) = preSolution
		Debug|Any CPU = Debug|Any CPU
		Release|Any CPU = Release|Any CPU
	EndGlobalSection
	GlobalSection(ProjectConfigurationPlatforms) = postSolution
		{42ED7CB5-6379-49F7-96AA-1938DED64658}.Debug|Any CPU.ActiveCfg = Debug|Any CPU
		{42ED7CB5-6379-49F7-96AA-1938DED64658}.Debug|Any CPU.Build.0 = Debug|Any CPU
		{42ED7CB5-6379-49F7-96AA-1938DED64658}.Release|Any CPU.ActiveCfg = Release|Any CPU
		{42ED7CB5-6379-49F7-96AA-1938DED64658}.Release|Any CPU.Build.0 = Release|Any CPU
		{F220533B-EC7B-47D5-ADBF-1FEDC0A549BF}.Debug|Any CPU.ActiveCfg = Debug|Any CPU
		{F220533B-EC7B-47D5-ADBF-1FEDC0A549BF}.Debug|Any CPU.Build.0 = Debug|Any CPU
		{F220533B-EC7B-47D5-ADBF-1FEDC0A549BF}.Release|Any CPU.ActiveCfg = Release|Any CPU
		{F220533B-EC7B-47D5-ADBF-1FEDC0A549BF}.Release|Any CPU.Build.0 = Release|Any CPU
		{CC1124DB-A531-486A-9BE9-6E48D6DFB09B}.Debug|Any CPU.ActiveCfg = Debug|Any CPU
		{CC1124DB-A531-486A-9BE9-6E48D6DFB09B}.Debug|Any CPU.Build.0 = Debug|Any CPU
		{CC1124DB-A531-486A-9BE9-6E48D6DFB09B}.Release|Any CPU.ActiveCfg = Release|Any CPU
		{CC1124DB-A531-486A-9BE9-6E48D6DFB09B}.Release|Any CPU.Build.0 = Release|Any CPU
	EndGlobalSection
	GlobalSection(SolutionProperties) = preSolution
		HideSolutionNode = FALSE
	EndGlobalSection
	GlobalSection(ExtensibilityGlobals) = postSolution
		SolutionGuid = {F7F5E19E-D4F7-4096-B54E-3F5D9FABB4E1}
	EndGlobalSection
EndGlobal
